// !$*UTF8*$!
{
	archiveVersion = 1;
	classes = {
	};
	objectVersion = 56;
	objects = {

/* Begin PBXBuildFile section */
		089C1665A1B2C3D400000020 /* HandGestureRecognizerApp.swift in Sources */ = {isa = PBXBuildFile; fileRef = 089C1665A1B2C3D400000010 /* HandGestureRecognizerApp.swift */; };
		089C1665A1B2C3D400000021 /* ContentView.swift in Sources */ = {isa = PBXBuildFile; fileRef = 089C1665A1B2C3D400000011 /* ContentView.swift */; };
		089C1665A1B2C3D400000022 /* CameraManager.swift in Sources */ = {isa = PBXBuildFile; fileRef = 089C1665A1B2C3D400000012 /* CameraManager.swift */; };
		089C1665A1B2C3D400000023 /* HandPoseDetector.swift in Sources */ = {isa = PBXBuildFile; fileRef = 089C1665A1B2C3D400000013 /* HandPoseDetector.swift */; };
		089C1665A1B2C3D400000024 /* CameraPreviewView.swift in Sources */ = {isa = PBXBuildFile; fileRef = 089C1665A1B2C3D400000014 /* CameraPreviewView.swift */; };
		089C1665A1B2C3D400000025 /* HandOverlayView.swift in Sources */ = {isa = PBXBuildFile; fileRef = 089C1665A1B2C3D400000015 /* HandOverlayView.swift */; };
		089C1665A1B2C3D400000026 /* HandData.swift in Sources */ = {isa = PBXBuildFile; fileRef = 089C1665A1B2C3D400000016 /* HandData.swift */; };
		089C1665A1B2C3D400000027 /* Assets.xcassets in Resources */ = {isa = PBXBuildFile; fileRef = 089C1665A1B2C3D400000017 /* Assets.xcassets */; };
		089C1665A1B2C3D400000028 /* OneEuroFilter.swift in Sources */ = {isa = PBXBuildFile; fileRef = 089C1665A1B2C3D400000030 /* OneEuroFilter.swift */; };
/* End PBXBuildFile section */

/* Begin PBXFileReference section */
		089C1665A1B2C3D40000000C /* HandGestureRecognizer.app */ = {isa = PBXFileReference; explicitFileType = wrapper.application; includeInIndex = 0; path = HandGestureRecognizer.app; sourceTree = BUILT_PRODUCTS_DIR; };
		089C1665A1B2C3D400000010 /* HandGestureRecognizerApp.swift */ = {isa = PBXFileReference; lastKnownFileType = sourcecode.swift; path = HandGestureRecognizerApp.swift; sourceTree = "<group>"; };
		089C1665A1B2C3D400000011 /* ContentView.swift */ = {isa = PBXFileReference; lastKnownFileType = sourcecode.swift; path = ContentView.swift; sourceTree = "<group>"; };
		089C1665A1B2C3D400000012 /* CameraManager.swift */ = {isa = PBXFileReference; lastKnownFileType = sourcecode.swift; path = CameraManager.swift; sourceTree = "<group>"; };
		089C1665A1B2C3D400000013 /* HandPoseDetector.swift */ = {isa = PBXFileReference; lastKnownFileType = sourcecode.swift; path = HandPoseDetector.swift; sourceTree = "<group>"; };
		089C1665A1B2C3D400000014 /* CameraPreviewView.swift */ = {isa = PBXFileReference; lastKnownFileType = sourcecode.swift; path = CameraPreviewView.swift; sourceTree = "<group>"; };
		089C1665A1B2C3D400000015 /* HandOverlayView.swift */ = {isa = PBXFileReference; lastKnownFileType = sourcecode.swift; path = HandOverlayView.swift; sourceTree = "<group>"; };
		089C1665A1B2C3D400000016 /* HandData.swift */ = {isa = PBXFileReference; lastKnownFileType = sourcecode.swift; path = HandData.swift; sourceTree = "<group>"; };
		089C1665A1B2C3D400000017 /* Assets.xcassets */ = {isa = PBXFileReference; lastKnownFileType = folder.assetcatalog; path = Assets.xcassets; sourceTree = "<group>"; };
		089C1665A1B2C3D400000030 /* OneEuroFilter.swift */ = {isa = PBXFileReference; lastKnownFileType = sourcecode.swift; path = OneEuroFilter.swift; sourceTree = "<group>"; };
/* End PBXFileReference section */

/* Begin PBXFrameworksBuildPhase section */
		089C1665A1B2C3D40000000F /* Frameworks */ = {
			isa = PBXFrameworksBuildPhase;
			buildActionMask = 2147483647;
			files = (
			);
			runOnlyForDeploymentPostprocessing = 0;
		};
/* End PBXFrameworksBuildPhase section */

/* Begin PBXGroup section */
		089C1665A1B2C3D400000002 = {
			isa = PBXGroup;
			children = (
				089C1665A1B2C3D400000004 /* HandGestureRecognizer */,
				089C1665A1B2C3D400000003 /* Products */,
			);
			sourceTree = "<group>";
		};
		089C1665A1B2C3D400000003 /* Products */ = {
			isa = PBXGroup;
			children = (
				089C1665A1B2C3D40000000C /* HandGestureRecognizer.app */,
			);
			name = Products;
			sourceTree = "<group>";
		};
		089C1665A1B2C3D400000004 /* HandGestureRecognizer */ = {
			isa = PBXGroup;
			children = (
				089C1665A1B2C3D400000010 /* HandGestureRecognizerApp.swift */,
				089C1665A1B2C3D400000011 /* ContentView.swift */,
				089C1665A1B2C3D400000012 /* CameraManager.swift */,
				089C1665A1B2C3D400000013 /* HandPoseDetector.swift */,
				089C1665A1B2C3D400000014 /* CameraPreviewView.swift */,
				089C1665A1B2C3D400000015 /* HandOverlayView.swift */,
				089C1665A1B2C3D400000016 /* HandData.swift */,
				089C1665A1B2C3D400000030 /* OneEuroFilter.swift */,
				089C1665A1B2C3D400000017 /* Assets.xcassets */,
			);
			path = HandGestureRecognizer;
			sourceTree = "<group>";
		};
/* End PBXGroup section */

/* Begin PBXNativeTarget section */
		089C1665A1B2C3D40000000B /* HandGestureRecognizer */ = {
			isa = PBXNativeTarget;
			buildConfigurationList = 089C1665A1B2C3D400000006 /* Build configuration list for PBXNativeTarget "HandGestureRecognizer" */;
			buildPhases = (
				089C1665A1B2C3D40000000D /* Sources */,
				089C1665A1B2C3D40000000F /* Frameworks */,
				089C1665A1B2C3D40000000E /* Resources */,
			);
			buildRules = (
			);
			dependencies = (
			);
			name = HandGestureRecognizer;
			productName = HandGestureRecognizer;
			productReference = 089C1665A1B2C3D40000000C /* HandGestureRecognizer.app */;
			productType = "com.apple.product-type.application";
		};
/* End PBXNativeTarget section */

/* Begin PBXProject section */
		089C1665A1B2C3D400000001 /* Project object */ = {
			isa = PBXProject;
			attributes = {
				BuildIndependentTargetsInParallel = 1;
				LastSwiftUpdateCheck = 1540;
				LastUpgradeCheck = 2630;
				TargetAttributes = {
					089C1665A1B2C3D40000000B = {
						CreatedOnToolsVersion = 15.4;
					};
				};
			};
			buildConfigurationList = 089C1665A1B2C3D400000005 /* Build configuration list for PBXProject "HandGestureRecognizer" */;
			compatibilityVersion = "Xcode 14.0";
			developmentRegion = en;
			hasScannedForEncodings = 0;
			knownRegions = (
				en,
				Base,
			);
			mainGroup = 089C1665A1B2C3D400000002;
			productRefGroup = 089C1665A1B2C3D400000003 /* Products */;
			projectDirPath = "";
			projectRoot = "";
			targets = (
				089C1665A1B2C3D40000000B /* HandGestureRecognizer */,
			);
		};
/* End PBXProject section */

/* Begin PBXResourcesBuildPhase section */
		089C1665A1B2C3D40000000E /* Resources */ = {
			isa = PBXResourcesBuildPhase;
			buildActionMask = 2147483647;
			files = (
				089C1665A1B2C3D400000027 /* Assets.xcassets in Resources */,
			);
			runOnlyForDeploymentPostprocessing = 0;
		};
/* End PBXResourcesBuildPhase section */

/* Begin PBXSourcesBuildPhase section */
		089C1665A1B2C3D40000000D /* Sources */ = {
			isa = PBXSourcesBuildPhase;
			buildActionMask = 2147483647;
			files = (
				089C1665A1B2C3D400000020 /* HandGestureRecognizerApp.swift in Sources */,
				089C1665A1B2C3D400000021 /* ContentView.swift in Sources */,
				089C1665A1B2C3D400000022 /* CameraManager.swift in Sources */,
				089C1665A1B2C3D400000023 /* HandPoseDetector.swift in Sources */,
				089C1665A1B2C3D400000024 /* CameraPreviewView.swift in Sources */,
				089C1665A1B2C3D400000025 /* HandOverlayView.swift in Sources */,
				089C1665A1B2C3D400000026 /* HandData.swift in Sources */,
				089C1665A1B2C3D400000028 /* OneEuroFilter.swift in Sources */,
			);
			runOnlyForDeploymentPostprocessing = 0;
		};
/* End PBXSourcesBuildPhase section */

/* Begin XCBuildConfiguration section */
		089C1665A1B2C3D400000007 /* Debug */ = {
			isa = XCBuildConfiguration;
			buildSettings = {
				ALWAYS_SEARCH_USER_PATHS = NO;
				ASSETCATALOG_COMPILER_GENERATE_SWIFT_ASSET_SYMBOL_EXTENSIONS = YES;
				CLANG_ANALYZER_NONNULL = YES;
				CLANG_ANALYZER_NUMBER_OBJECT_CONVERSION = YES_AGGRESSIVE;
				CLANG_CXX_LANGUAGE_STANDARD = "gnu++20";
				CLANG_ENABLE_MODULES = YES;
				CLANG_ENABLE_OBJC_ARC = YES;
				CLANG_ENABLE_OBJC_WEAK = YES;
				CLANG_WARN_BLOCK_CAPTURE_AUTORELEASING = YES;
				CLANG_WARN_BOOL_CONVERSION = YES;
				CLANG_WARN_COMMA = YES;
				CLANG_WARN_CONSTANT_CONVERSION = YES;
				CLANG_WARN_DEPRECATED_OBJC_IMPLEMENTATIONS = YES;
				CLANG_WARN_DIRECT_OBJC_ISA_USAGE = YES_ERROR;
				CLANG_WARN_DOCUMENTATION_COMMENTS = YES;
				CLANG_WARN_EMPTY_BODY = YES;
				CLANG_WARN_ENUM_CONVERSION = YES;
				CLANG_WARN_INFINITE_RECURSION = YES;
				CLANG_WARN_INT_CONVERSION = YES;
				CLANG_WARN_NON_LITERAL_NULL_CONVERSION = YES;
				CLANG_WARN_OBJC_IMPLICIT_RETAIN_SELF = YES;
				CLANG_WARN_OBJC_LITERAL_CONVERSION = YES;
				CLANG_WARN_OBJC_ROOT_CLASS = YES_ERROR;
				CLANG_WARN_QUOTED_INCLUDE_IN_FRAMEWORK_HEADER = YES;
				CLANG_WARN_RANGE_LOOP_ANALYSIS = YES;
				CLANG_WARN_STRICT_PROTOTYPES = YES;
				CLANG_WARN_SUSPICIOUS_MOVE = YES;
				CLANG_WARN_UNGUARDED_AVAILABILITY = YES_AGGRESSIVE;
				CLANG_WARN_UNREACHABLE_CODE = YES;
				CLANG_WARN__DUPLICATE_METHOD_MATCH = YES;
				COPY_PHASE_STRIP = NO;
				DEBUG_INFORMATION_FORMAT = dwarf;
				DEVELOPMENT_TEAM = ZWMJVG9ZS7;
				ENABLE_STRICT_OBJC_MSGSEND = YES;
				ENABLE_TESTABILITY = YES;
				ENABLE_USER_SCRIPT_SANDBOXING = YES;
				GCC_C_LANGUAGE_STANDARD = gnu17;
				GCC_DYNAMIC_NO_PIC = NO;
				GCC_NO_COMMON_BLOCKS = YES;
				GCC_OPTIMIZATION_LEVEL = 0;
				GCC_PREPROCESSOR_DEFINITIONS = (
					"DEBUG=1",
					"$(inherited)",
				);
				GCC_WARN_64_TO_32_BIT_CONVERSION = YES;
				GCC_WARN_ABOUT_RETURN_TYPE = YES_ERROR;
				GCC_WARN_UNDECLARED_SELECTOR = YES;
				GCC_WARN_UNINITIALIZED_AUTOS = YES_AGGRESSIVE;
				GCC_WARN_UNUSED_FUNCTION = YES;
				GCC_WARN_UNUSED_VARIABLE = YES;
				IPHONEOS_DEPLOYMENT_TARGET = 17.0;
				LOCALIZATION_PREFERS_STRING_CATALOGS = YES;
				MTL_ENABLE_DEBUG_INFO = INCLUDE_SOURCE;
				MTL_FAST_MATH = YES;
				ONLY_ACTIVE_ARCH = YES;
				SDKROOT = iphoneos;
				STRING_CATALOG_GENERATE_SYMBOLS = YES;
				SWIFT_ACTIVE_COMPILATION_CONDITIONS = "DEBUG $(inherited)";
				SWIFT_OPTIMIZATION_LEVEL = "-Onone";
			};
			name = Debug;
		};
		089C1665A1B2C3D400000008 /* Release */ = {
			isa = XCBuildConfiguration;
			buildSettings = {
				ALWAYS_SEARCH_USER_PATHS = NO;
				ASSETCATALOG_COMPILER_GENERATE_SWIFT_ASSET_SYMBOL_EXTENSIONS = YES;
				CLANG_ANALYZER_NONNULL = YES;
				CLANG_ANALYZER_NUMBER_OBJECT_CONVERSION = YES_AGGRESSIVE;
				CLANG_CXX_LANGUAGE_STANDARD = "gnu++20";
				CLANG_ENABLE_MODULES = YES;
				CLANG_ENABLE_OBJC_ARC = YES;
				CLANG_ENABLE_OBJC_WEAK = YES;
				CLANG_WARN_BLOCK_CAPTURE_AUTORELEASING = YES;
				CLANG_WARN_BOOL_CONVERSION = YES;
				CLANG_WARN_COMMA = YES;
				CLANG_WARN_CONSTANT_CONVERSION = YES;
				CLANG_WARN_DEPRECATED_OBJC_IMPLEMENTATIONS = YES;
				CLANG_WARN_DIRECT_OBJC_ISA_USAGE = YES_ERROR;
				CLANG_WARN_DOCUMENTATION_COMMENTS = YES;
				CLANG_WARN_EMPTY_BODY = YES;
				CLANG_WARN_ENUM_CONVERSION = YES;
				CLANG_WARN_INFINITE_RECURSION = YES;
				CLANG_WARN_INT_CONVERSION = YES;
				CLANG_WARN_NON_LITERAL_NULL_CONVERSION = YES;
				CLANG_WARN_OBJC_IMPLICIT_RETAIN_SELF = YES;
				CLANG_WARN_OBJC_LITERAL_CONVERSION = YES;
				CLANG_WARN_OBJC_ROOT_CLASS = YES_ERROR;
				CLANG_WARN_QUOTED_INCLUDE_IN_FRAMEWORK_HEADER = YES;
				CLANG_WARN_RANGE_LOOP_ANALYSIS = YES;
				CLANG_WARN_STRICT_PROTOTYPES = YES;
				CLANG_WARN_SUSPICIOUS_MOVE = YES;
				CLANG_WARN_UNGUARDED_AVAILABILITY = YES_AGGRESSIVE;
				CLANG_WARN_UNREACHABLE_CODE = YES;
				CLANG_WARN__DUPLICATE_METHOD_MATCH = YES;
				COPY_PHASE_STRIP = NO;
				DEBUG_INFORMATION_FORMAT = "dwarf-with-dsym";
				DEVELOPMENT_TEAM = ZWMJVG9ZS7;
				ENABLE_NS_ASSERTIONS = NO;
				ENABLE_STRICT_OBJC_MSGSEND = YES;
				ENABLE_USER_SCRIPT_SANDBOXING = YES;
				GCC_C_LANGUAGE_STANDARD = gnu17;
				GCC_NO_COMMON_BLOCKS = YES;
				GCC_WARN_64_TO_32_BIT_CONVERSION = YES;
				GCC_WARN_ABOUT_RETURN_TYPE = YES_ERROR;
				GCC_WARN_UNDECLARED_SELECTOR = YES;
				GCC_WARN_UNINITIALIZED_AUTOS = YES_AGGRESSIVE;
				GCC_WARN_UNUSED_FUNCTION = YES;
				GCC_WARN_UNUSED_VARIABLE = YES;
				IPHONEOS_DEPLOYMENT_TARGET = 17.0;
				LOCALIZATION_PREFERS_STRING_CATALOGS = YES;
				MTL_ENABLE_DEBUG_INFO = NO;
				MTL_FAST_MATH = YES;
				SDKROOT = iphoneos;
				STRING_CATALOG_GENERATE_SYMBOLS = YES;
				SWIFT_COMPILATION_MODE = wholemodule;
				VALIDATE_PRODUCT = YES;
			};
			name = Release;
		};
		089C1665A1B2C3D400000009 /* Debug */ = {
			isa = XCBuildConfiguration;
			buildSettings = {
				ASSETCATALOG_COMPILER_APPICON_NAME = AppIcon;
				ASSETCATALOG_COMPILER_GLOBAL_ACCENT_COLOR_NAME = AccentColor;
				CODE_SIGN_STYLE = Automatic;
				CURRENT_PROJECT_VERSION = 1;
				GENERATE_INFOPLIST_FILE = YES;
				INFOPLIST_KEY_NSCameraUsageDescription = "This app uses the camera to detect and track hand gestures in real time.";
				INFOPLIST_KEY_UIApplicationSceneManifest_Generation = YES;
				INFOPLIST_KEY_UIApplicationSupportsIndirectInputEvents = YES;
				INFOPLIST_KEY_UILaunchScreen_Generation = YES;
				INFOPLIST_KEY_UISupportedInterfaceOrientations_iPad = "UIInterfaceOrientationPortrait UIInterfaceOrientationPortraitUpsideDown UIInterfaceOrientationLandscapeLeft UIInterfaceOrientationLandscapeRight";
				INFOPLIST_KEY_UISupportedInterfaceOrientations_iPhone = UIInterfaceOrientationPortrait;
				MARKETING_VERSION = 1.0;
				PRODUCT_BUNDLE_IDENTIFIER = com.eternaldragon.HandGestureRecognizer;
				PRODUCT_NAME = "$(TARGET_NAME)";
				SWIFT_EMIT_LOC_STRINGS = YES;
				SWIFT_VERSION = 5.0;
				TARGETED_DEVICE_FAMILY = "1,2";
			};
			name = Debug;
		};
		089C1665A1B2C3D40000000A /* Release */ = {
			isa = XCBuildConfiguration;
			buildSettings = {
				ASSETCATALOG_COMPILER_APPICON_NAME = AppIcon;
				ASSETCATALOG_COMPILER_GLOBAL_ACCENT_COLOR_NAME = AccentColor;
				CODE_SIGN_STYLE = Automatic;
				CURRENT_PROJECT_VERSION = 1;
				GENERATE_INFOPLIST_FILE = YES;
				INFOPLIST_KEY_NSCameraUsageDescription = "This app uses the camera to detect and track hand gestures in real time.";
				INFOPLIST_KEY_UIApplicationSceneManifest_Generation = YES;
				INFOPLIST_KEY_UIApplicationSupportsIndirectInputEvents = YES;
				INFOPLIST_KEY_UILaunchScreen_Generation = YES;
				INFOPLIST_KEY_UISupportedInterfaceOrientations_iPad = "UIInterfaceOrientationPortrait UIInterfaceOrientationPortraitUpsideDown UIInterfaceOrientationLandscapeLeft UIInterfaceOrientationLandscapeRight";
				INFOPLIST_KEY_UISupportedInterfaceOrientations_iPhone = UIInterfaceOrientationPortrait;
				MARKETING_VERSION = 1.0;
				PRODUCT_BUNDLE_IDENTIFIER = com.eternaldragon.HandGestureRecognizer;
				PRODUCT_NAME = "$(TARGET_NAME)";
				SWIFT_EMIT_LOC_STRINGS = YES;
				SWIFT_VERSION = 5.0;
				TARGETED_DEVICE_FAMILY = "1,2";
			};
			name = Release;
		};
/* End XCBuildConfiguration section */

/* Begin XCConfigurationList section */
		089C1665A1B2C3D400000005 /* Build configuration list for PBXProject "HandGestureRecognizer" */ = {
			isa = XCConfigurationList;
			buildConfigurations = (
				089C1665A1B2C3D400000007 /* Debug */,
				089C1665A1B2C3D400000008 /* Release */,
			);
			defaultConfigurationIsVisible = 0;
			defaultConfigurationName = Release;
		};
		089C1665A1B2C3D400000006 /* Build configuration list for PBXNativeTarget "HandGestureRecognizer" */ = {
			isa = XCConfigurationList;
			buildConfigurations = (
				089C1665A1B2C3D400000009 /* Debug */,
				089C1665A1B2C3D40000000A /* Release */,
			);
			defaultConfigurationIsVisible = 0;
			defaultConfigurationName = Release;
		};
/* End XCConfigurationList section */
	};
	rootObject = 089C1665A1B2C3D400000001 /* Project object */;
}
